
Microsoft Visual Studio Solution File, Format Version 12.00
# Visual Studio Version 17
VisualStudioVersion = 17.0.31903.59
MinimumVisualStudioVersion = 10.0.40219.1
Project("{9A19103F-16F7-4668-BE54-9A1E7A4F7556}") = "AmecysAPI", "AmecysAPI\AmecysAPI.csproj", "{C1D0215F-CDA1-41EB-B26F-D82A855DDF74}"
EndProject
Project("{9A19103F-16F7-4668-BE54-9A1E7A4F7556}") = "AmecysAPI.DataAccessLayer", "AmecysAPI.DataAccessLayer\AmecysAPI.DataAccessLayer.csproj", "{8AE58136-7A02-44BC-9BF7-FDEE719F0E0A}"
EndProject
Project("{9A19103F-16F7-4668-BE54-9A1E7A4F7556}") = "AmecysAPI.Domain", "AmecysAPI.Domain\AmecysAPI.Domain.csproj", "{4C80DE15-AB9F-4CCE-A500-3716B9FBDFE9}"
EndProject
Global
	GlobalSection(SolutionConfigurationPlatforms) = preSolution
		Debug|Any CPU = Debug|Any CPU
		Release|Any CPU = Release|Any CPU
	EndGlobalSection
	GlobalSection(ProjectConfigurationPlatforms) = postSolution
		{C1D0215F-CDA1-41EB-B26F-D82A855DDF74}.Debug|Any CPU.ActiveCfg = Debug|Any CPU
		{C1D0215F-CDA1-41EB-B26F-D82A855DDF74}.Debug|Any CPU.Build.0 = Debug|Any CPU
		{C1D0215F-CDA1-41EB-B26F-D82A855DDF74}.Release|Any CPU.ActiveCfg = Release|Any CPU
		{C1D0215F-CDA1-41EB-B26F-D82A855DDF74}.Release|Any CPU.Build.0 = Release|Any CPU
		{8AE58136-7A02-44BC-9BF7-FDEE719F0E0A}.Debug|Any CPU.ActiveCfg = Debug|Any CPU
		{8AE58136-7A02-44BC-9BF7-FDEE719F0E0A}.Debug|Any CPU.Build.0 = Debug|Any CPU
		{8AE58136-7A02-44BC-9BF7-FDEE719F0E0A}.Release|Any CPU.ActiveCfg = Release|Any CPU
		{8AE58136-7A02-44BC-9BF7-FDEE719F0E0A}.Release|Any CPU.Build.0 = Release|Any CPU
		{4C80DE15-AB9F-4CCE-A500-3716B9FBDFE9}.Debug|Any CPU.ActiveCfg = Debug|Any CPU
		{4C80DE15-AB9F-4CCE-A500-3716B9FBDFE9}.Debug|Any CPU.Build.0 = Debug|Any CPU
		{4C80DE15-AB9F-4CCE-A500-3716B9FBDFE9}.Release|Any CPU.ActiveCfg = Release|Any CPU
		{4C80DE15-AB9F-4CCE-A500-3716B9FBDFE9}.Release|Any CPU.Build.0 = Release|Any CPU
	EndGlobalSection
	GlobalSection(SolutionProperties) = preSolution
		HideSolutionNode = FALSE
	EndGlobalSection
EndGlobal
